# This file is automatically @generated by Cargo.
# It is not intended for manual editing.
version = 3

[[package]]
name = "app"
version = "0.1.0"
dependencies = [
 "repl",
]

[[package]]
name = "core"
version = "0.1.0"
dependencies = [
 "lazy_static",
]

[[package]]
name = "lazy_static"
version = "1.5.0"
source = "registry+https://github.com/rust-lang/crates.io-index"
checksum = "bbd2bcb4c963f2ddae06a2efc7e9f3591312473c50c6685e1f298068316e66fe"

[[package]]
name = "lexer"
version = "0.1.0"
dependencies = [
 "core",
]

[[package]]
name = "parser"
version = "0.1.0"
dependencies = [
 "core",
 "lexer",
 "paste",
]

[[package]]
name = "paste"
version = "1.0.15"
source = "registry+https://github.com/rust-lang/crates.io-index"
checksum = "57c0d7b74b563b49d38dae00a0c37d4d6de9b432382b2892f0574ddcae73fd0a"

[[package]]
name = "repl"
version = "0.1.0"
dependencies = [
 "lexer",
]

[[package]]
name = "tests"
version = "0.1.0"
dependencies = [
 "core",
 "lexer",
 "parser",
]
